
Microsoft Visual Studio Solution File, Format Version 12.00
# Visual Studio 15
VisualStudioVersion = 15.0.26124.0
MinimumVisualStudioVersion = 15.0.26124.0
Project("{2150E333-8FDC-42A3-9474-1A3956D46DE8}") = "src", "src", "{86B6A8CE-7E7C-45DD-8158-12B050636A68}"
EndProject
Project("{F2A71F9B-5D33-465A-A702-920D77279786}") = "Feblr.IR.RobotsTxt", "src\Feblr.IR.RobotsTxt\Feblr.IR.RobotsTxt.fsproj", "{B59D59FC-1FEF-4E82-9CDC-8CD633774714}"
EndProject
Project("{2150E333-8FDC-42A3-9474-1A3956D46DE8}") = "tests", "tests", "{EF3EBA78-2BC3-41CC-A510-9B7B175EA85C}"
EndProject
Project("{F2A71F9B-5D33-465A-A702-920D77279786}") = "Feblr.IR.RobotsTxt.Tests", "tests\Feblr.IR.RobotsTxt.Tests\Feblr.IR.RobotsTxt.Tests.fsproj", "{CC305F8C-CAA8-4A38-B6B5-DBFC55E34F3F}"
EndProject
Project("{F2A71F9B-5D33-465A-A702-920D77279786}") = "Feblr.IR.Browser", "src\Feblr.IR.Browser\Feblr.IR.Browser.fsproj", "{D890CC7C-B06A-4AFD-BAAA-EB15E511CB5F}"
EndProject
Project("{F2A71F9B-5D33-465A-A702-920D77279786}") = "Feblr.IR.Browser.Tests", "tests\Feblr.IR.Browser.Tests\Feblr.IR.Browser.Tests.fsproj", "{59FF2083-9797-4329-A3B9-5A902CC9BAA9}"
EndProject
Project("{F2A71F9B-5D33-465A-A702-920D77279786}") = "Feblr.IR.Crawler.Core", "src\Feblr.IR.Crawler.Core\Feblr.IR.Crawler.Core.fsproj", "{120C7647-5960-4C1C-A7DF-8B1D6F437A8C}"
EndProject
Project("{F2A71F9B-5D33-465A-A702-920D77279786}") = "Feblr.IR.Crawler.Core.Tests", "tests\Feblr.IR.Crawler.Core.Tests\Feblr.IR.Crawler.Core.Tests.fsproj", "{D26AFEF4-2D71-487D-BFBF-5A60A8D0A417}"
EndProject
Project("{F2A71F9B-5D33-465A-A702-920D77279786}") = "Feblr.IR.Crawler", "src\Feblr.IR.Crawler\Feblr.IR.Crawler.fsproj", "{C044A47C-AD19-441D-9BCC-66A2B673A77E}"
EndProject
Project("{F2A71F9B-5D33-465A-A702-920D77279786}") = "Feblr.IR.Crawler.Tests", "tests\Feblr.IR.Crawler.Tests\Feblr.IR.Crawler.Tests.fsproj", "{091976B9-80F3-4B4F-B13A-CAF1DE22C228}"
EndProject
Project("{F2A71F9B-5D33-465A-A702-920D77279786}") = "Feblr.IR.SearchEngine.Core", "src\Feblr.IR.SearchEngine.Core\Feblr.IR.SearchEngine.Core.fsproj", "{15C77E83-0C4B-4645-8016-B4DD97250F20}"
EndProject
Project("{F2A71F9B-5D33-465A-A702-920D77279786}") = "Feblr.IR.SearchEngine", "src\Feblr.IR.SearchEngine\Feblr.IR.SearchEngine.fsproj", "{2C5FC8CE-0866-4859-988C-6C355F872EFA}"
EndProject
Global
	GlobalSection(SolutionConfigurationPlatforms) = preSolution
		Debug|Any CPU = Debug|Any CPU
		Debug|x64 = Debug|x64
		Debug|x86 = Debug|x86
		Release|Any CPU = Release|Any CPU
		Release|x64 = Release|x64
		Release|x86 = Release|x86
	EndGlobalSection
	GlobalSection(SolutionProperties) = preSolution
		HideSolutionNode = FALSE
	EndGlobalSection
	GlobalSection(ProjectConfigurationPlatforms) = postSolution
		{B59D59FC-1FEF-4E82-9CDC-8CD633774714}.Debug|Any CPU.ActiveCfg = Debug|Any CPU
		{B59D59FC-1FEF-4E82-9CDC-8CD633774714}.Debug|Any CPU.Build.0 = Debug|Any CPU
		{B59D59FC-1FEF-4E82-9CDC-8CD633774714}.Debug|x64.ActiveCfg = Debug|Any CPU
		{B59D59FC-1FEF-4E82-9CDC-8CD633774714}.Debug|x64.Build.0 = Debug|Any CPU
		{B59D59FC-1FEF-4E82-9CDC-8CD633774714}.Debug|x86.ActiveCfg = Debug|Any CPU
		{B59D59FC-1FEF-4E82-9CDC-8CD633774714}.Debug|x86.Build.0 = Debug|Any CPU
		{B59D59FC-1FEF-4E82-9CDC-8CD633774714}.Release|Any CPU.ActiveCfg = Release|Any CPU
		{B59D59FC-1FEF-4E82-9CDC-8CD633774714}.Release|Any CPU.Build.0 = Release|Any CPU
		{B59D59FC-1FEF-4E82-9CDC-8CD633774714}.Release|x64.ActiveCfg = Release|Any CPU
		{B59D59FC-1FEF-4E82-9CDC-8CD633774714}.Release|x64.Build.0 = Release|Any CPU
		{B59D59FC-1FEF-4E82-9CDC-8CD633774714}.Release|x86.ActiveCfg = Release|Any CPU
		{B59D59FC-1FEF-4E82-9CDC-8CD633774714}.Release|x86.Build.0 = Release|Any CPU
		{CC305F8C-CAA8-4A38-B6B5-DBFC55E34F3F}.Debug|Any CPU.ActiveCfg = Debug|Any CPU
		{CC305F8C-CAA8-4A38-B6B5-DBFC55E34F3F}.Debug|Any CPU.Build.0 = Debug|Any CPU
		{CC305F8C-CAA8-4A38-B6B5-DBFC55E34F3F}.Debug|x64.ActiveCfg = Debug|Any CPU
		{CC305F8C-CAA8-4A38-B6B5-DBFC55E34F3F}.Debug|x64.Build.0 = Debug|Any CPU
		{CC305F8C-CAA8-4A38-B6B5-DBFC55E34F3F}.Debug|x86.ActiveCfg = Debug|Any CPU
		{CC305F8C-CAA8-4A38-B6B5-DBFC55E34F3F}.Debug|x86.Build.0 = Debug|Any CPU
		{CC305F8C-CAA8-4A38-B6B5-DBFC55E34F3F}.Release|Any CPU.ActiveCfg = Release|Any CPU
		{CC305F8C-CAA8-4A38-B6B5-DBFC55E34F3F}.Release|Any CPU.Build.0 = Release|Any CPU
		{CC305F8C-CAA8-4A38-B6B5-DBFC55E34F3F}.Release|x64.ActiveCfg = Release|Any CPU
		{CC305F8C-CAA8-4A38-B6B5-DBFC55E34F3F}.Release|x64.Build.0 = Release|Any CPU
		{CC305F8C-CAA8-4A38-B6B5-DBFC55E34F3F}.Release|x86.ActiveCfg = Release|Any CPU
		{CC305F8C-CAA8-4A38-B6B5-DBFC55E34F3F}.Release|x86.Build.0 = Release|Any CPU
		{D890CC7C-B06A-4AFD-BAAA-EB15E511CB5F}.Debug|Any CPU.ActiveCfg = Debug|Any CPU
		{D890CC7C-B06A-4AFD-BAAA-EB15E511CB5F}.Debug|Any CPU.Build.0 = Debug|Any CPU
		{D890CC7C-B06A-4AFD-BAAA-EB15E511CB5F}.Debug|x64.ActiveCfg = Debug|Any CPU
		{D890CC7C-B06A-4AFD-BAAA-EB15E511CB5F}.Debug|x64.Build.0 = Debug|Any CPU
		{D890CC7C-B06A-4AFD-BAAA-EB15E511CB5F}.Debug|x86.ActiveCfg = Debug|Any CPU
		{D890CC7C-B06A-4AFD-BAAA-EB15E511CB5F}.Debug|x86.Build.0 = Debug|Any CPU
		{D890CC7C-B06A-4AFD-BAAA-EB15E511CB5F}.Release|Any CPU.ActiveCfg = Release|Any CPU
		{D890CC7C-B06A-4AFD-BAAA-EB15E511CB5F}.Release|Any CPU.Build.0 = Release|Any CPU
		{D890CC7C-B06A-4AFD-BAAA-EB15E511CB5F}.Release|x64.ActiveCfg = Release|Any CPU
		{D890CC7C-B06A-4AFD-BAAA-EB15E511CB5F}.Release|x64.Build.0 = Release|Any CPU
		{D890CC7C-B06A-4AFD-BAAA-EB15E511CB5F}.Release|x86.ActiveCfg = Release|Any CPU
		{D890CC7C-B06A-4AFD-BAAA-EB15E511CB5F}.Release|x86.Build.0 = Release|Any CPU
		{59FF2083-9797-4329-A3B9-5A902CC9BAA9}.Debug|Any CPU.ActiveCfg = Debug|Any CPU
		{59FF2083-9797-4329-A3B9-5A902CC9BAA9}.Debug|Any CPU.Build.0 = Debug|Any CPU
		{59FF2083-9797-4329-A3B9-5A902CC9BAA9}.Debug|x64.ActiveCfg = Debug|Any CPU
		{59FF2083-9797-4329-A3B9-5A902CC9BAA9}.Debug|x64.Build.0 = Debug|Any CPU
		{59FF2083-9797-4329-A3B9-5A902CC9BAA9}.Debug|x86.ActiveCfg = Debug|Any CPU
		{59FF2083-9797-4329-A3B9-5A902CC9BAA9}.Debug|x86.Build.0 = Debug|Any CPU
		{59FF2083-9797-4329-A3B9-5A902CC9BAA9}.Release|Any CPU.ActiveCfg = Release|Any CPU
		{59FF2083-9797-4329-A3B9-5A902CC9BAA9}.Release|Any CPU.Build.0 = Release|Any CPU
		{59FF2083-9797-4329-A3B9-5A902CC9BAA9}.Release|x64.ActiveCfg = Release|Any CPU
		{59FF2083-9797-4329-A3B9-5A902CC9BAA9}.Release|x64.Build.0 = Release|Any CPU
		{59FF2083-9797-4329-A3B9-5A902CC9BAA9}.Release|x86.ActiveCfg = Release|Any CPU
		{59FF2083-9797-4329-A3B9-5A902CC9BAA9}.Release|x86.Build.0 = Release|Any CPU
		{120C7647-5960-4C1C-A7DF-8B1D6F437A8C}.Debug|Any CPU.ActiveCfg = Debug|Any CPU
		{120C7647-5960-4C1C-A7DF-8B1D6F437A8C}.Debug|Any CPU.Build.0 = Debug|Any CPU
		{120C7647-5960-4C1C-A7DF-8B1D6F437A8C}.Debug|x64.ActiveCfg = Debug|Any CPU
		{120C7647-5960-4C1C-A7DF-8B1D6F437A8C}.Debug|x64.Build.0 = Debug|Any CPU
		{120C7647-5960-4C1C-A7DF-8B1D6F437A8C}.Debug|x86.ActiveCfg = Debug|Any CPU
		{120C7647-5960-4C1C-A7DF-8B1D6F437A8C}.Debug|x86.Build.0 = Debug|Any CPU
		{120C7647-5960-4C1C-A7DF-8B1D6F437A8C}.Release|Any CPU.ActiveCfg = Release|Any CPU
		{120C7647-5960-4C1C-A7DF-8B1D6F437A8C}.Release|Any CPU.Build.0 = Release|Any CPU
		{120C7647-5960-4C1C-A7DF-8B1D6F437A8C}.Release|x64.ActiveCfg = Release|Any CPU
		{120C7647-5960-4C1C-A7DF-8B1D6F437A8C}.Release|x64.Build.0 = Release|Any CPU
		{120C7647-5960-4C1C-A7DF-8B1D6F437A8C}.Release|x86.ActiveCfg = Release|Any CPU
		{120C7647-5960-4C1C-A7DF-8B1D6F437A8C}.Release|x86.Build.0 = Release|Any CPU
		{D26AFEF4-2D71-487D-BFBF-5A60A8D0A417}.Debug|Any CPU.ActiveCfg = Debug|Any CPU
		{D26AFEF4-2D71-487D-BFBF-5A60A8D0A417}.Debug|Any CPU.Build.0 = Debug|Any CPU
		{D26AFEF4-2D71-487D-BFBF-5A60A8D0A417}.Debug|x64.ActiveCfg = Debug|Any CPU
		{D26AFEF4-2D71-487D-BFBF-5A60A8D0A417}.Debug|x64.Build.0 = Debug|Any CPU
		{D26AFEF4-2D71-487D-BFBF-5A60A8D0A417}.Debug|x86.ActiveCfg = Debug|Any CPU
		{D26AFEF4-2D71-487D-BFBF-5A60A8D0A417}.Debug|x86.Build.0 = Debug|Any CPU
		{D26AFEF4-2D71-487D-BFBF-5A60A8D0A417}.Release|Any CPU.ActiveCfg = Release|Any CPU
		{D26AFEF4-2D71-487D-BFBF-5A60A8D0A417}.Release|Any CPU.Build.0 = Release|Any CPU
		{D26AFEF4-2D71-487D-BFBF-5A60A8D0A417}.Release|x64.ActiveCfg = Release|Any CPU
		{D26AFEF4-2D71-487D-BFBF-5A60A8D0A417}.Release|x64.Build.0 = Release|Any CPU
		{D26AFEF4-2D71-487D-BFBF-5A60A8D0A417}.Release|x86.ActiveCfg = Release|Any CPU
		{D26AFEF4-2D71-487D-BFBF-5A60A8D0A417}.Release|x86.Build.0 = Release|Any CPU
		{C044A47C-AD19-441D-9BCC-66A2B673A77E}.Debug|Any CPU.ActiveCfg = Debug|Any CPU
		{C044A47C-AD19-441D-9BCC-66A2B673A77E}.Debug|Any CPU.Build.0 = Debug|Any CPU
		{C044A47C-AD19-441D-9BCC-66A2B673A77E}.Debug|x64.ActiveCfg = Debug|Any CPU
		{C044A47C-AD19-441D-9BCC-66A2B673A77E}.Debug|x64.Build.0 = Debug|Any CPU
		{C044A47C-AD19-441D-9BCC-66A2B673A77E}.Debug|x86.ActiveCfg = Debug|Any CPU
		{C044A47C-AD19-441D-9BCC-66A2B673A77E}.Debug|x86.Build.0 = Debug|Any CPU
		{C044A47C-AD19-441D-9BCC-66A2B673A77E}.Release|Any CPU.ActiveCfg = Release|Any CPU
		{C044A47C-AD19-441D-9BCC-66A2B673A77E}.Release|Any CPU.Build.0 = Release|Any CPU
		{C044A47C-AD19-441D-9BCC-66A2B673A77E}.Release|x64.ActiveCfg = Release|Any CPU
		{C044A47C-AD19-441D-9BCC-66A2B673A77E}.Release|x64.Build.0 = Release|Any CPU
		{C044A47C-AD19-441D-9BCC-66A2B673A77E}.Release|x86.ActiveCfg = Release|Any CPU
		{C044A47C-AD19-441D-9BCC-66A2B673A77E}.Release|x86.Build.0 = Release|Any CPU
		{091976B9-80F3-4B4F-B13A-CAF1DE22C228}.Debug|Any CPU.ActiveCfg = Debug|Any CPU
		{091976B9-80F3-4B4F-B13A-CAF1DE22C228}.Debug|Any CPU.Build.0 = Debug|Any CPU
		{091976B9-80F3-4B4F-B13A-CAF1DE22C228}.Debug|x64.ActiveCfg = Debug|Any CPU
		{091976B9-80F3-4B4F-B13A-CAF1DE22C228}.Debug|x64.Build.0 = Debug|Any CPU
		{091976B9-80F3-4B4F-B13A-CAF1DE22C228}.Debug|x86.ActiveCfg = Debug|Any CPU
		{091976B9-80F3-4B4F-B13A-CAF1DE22C228}.Debug|x86.Build.0 = Debug|Any CPU
		{091976B9-80F3-4B4F-B13A-CAF1DE22C228}.Release|Any CPU.ActiveCfg = Release|Any CPU
		{091976B9-80F3-4B4F-B13A-CAF1DE22C228}.Release|Any CPU.Build.0 = Release|Any CPU
		{091976B9-80F3-4B4F-B13A-CAF1DE22C228}.Release|x64.ActiveCfg = Release|Any CPU
		{091976B9-80F3-4B4F-B13A-CAF1DE22C228}.Release|x64.Build.0 = Release|Any CPU
		{091976B9-80F3-4B4F-B13A-CAF1DE22C228}.Release|x86.ActiveCfg = Release|Any CPU
		{091976B9-80F3-4B4F-B13A-CAF1DE22C228}.Release|x86.Build.0 = Release|Any CPU
		{15C77E83-0C4B-4645-8016-B4DD97250F20}.Debug|Any CPU.ActiveCfg = Debug|Any CPU
		{15C77E83-0C4B-4645-8016-B4DD97250F20}.Debug|Any CPU.Build.0 = Debug|Any CPU
		{15C77E83-0C4B-4645-8016-B4DD97250F20}.Debug|x64.ActiveCfg = Debug|Any CPU
		{15C77E83-0C4B-4645-8016-B4DD97250F20}.Debug|x64.Build.0 = Debug|Any CPU
		{15C77E83-0C4B-4645-8016-B4DD97250F20}.Debug|x86.ActiveCfg = Debug|Any CPU
		{15C77E83-0C4B-4645-8016-B4DD97250F20}.Debug|x86.Build.0 = Debug|Any CPU
		{15C77E83-0C4B-4645-8016-B4DD97250F20}.Release|Any CPU.ActiveCfg = Release|Any CPU
		{15C77E83-0C4B-4645-8016-B4DD97250F20}.Release|Any CPU.Build.0 = Release|Any CPU
		{15C77E83-0C4B-4645-8016-B4DD97250F20}.Release|x64.ActiveCfg = Release|Any CPU
		{15C77E83-0C4B-4645-8016-B4DD97250F20}.Release|x64.Build.0 = Release|Any CPU
		{15C77E83-0C4B-4645-8016-B4DD97250F20}.Release|x86.ActiveCfg = Release|Any CPU
		{15C77E83-0C4B-4645-8016-B4DD97250F20}.Release|x86.Build.0 = Release|Any CPU
		{2C5FC8CE-0866-4859-988C-6C355F872EFA}.Debug|Any CPU.ActiveCfg = Debug|Any CPU
		{2C5FC8CE-0866-4859-988C-6C355F872EFA}.Debug|Any CPU.Build.0 = Debug|Any CPU
		{2C5FC8CE-0866-4859-988C-6C355F872EFA}.Debug|x64.ActiveCfg = Debug|Any CPU
		{2C5FC8CE-0866-4859-988C-6C355F872EFA}.Debug|x64.Build.0 = Debug|Any CPU
		{2C5FC8CE-0866-4859-988C-6C355F872EFA}.Debug|x86.ActiveCfg = Debug|Any CPU
		{2C5FC8CE-0866-4859-988C-6C355F872EFA}.Debug|x86.Build.0 = Debug|Any CPU
		{2C5FC8CE-0866-4859-988C-6C355F872EFA}.Release|Any CPU.ActiveCfg = Release|Any CPU
		{2C5FC8CE-0866-4859-988C-6C355F872EFA}.Release|Any CPU.Build.0 = Release|Any CPU
		{2C5FC8CE-0866-4859-988C-6C355F872EFA}.Release|x64.ActiveCfg = Release|Any CPU
		{2C5FC8CE-0866-4859-988C-6C355F872EFA}.Release|x64.Build.0 = Release|Any CPU
		{2C5FC8CE-0866-4859-988C-6C355F872EFA}.Release|x86.ActiveCfg = Release|Any CPU
		{2C5FC8CE-0866-4859-988C-6C355F872EFA}.Release|x86.Build.0 = Release|Any CPU
	EndGlobalSection
	GlobalSection(NestedProjects) = preSolution
		{B59D59FC-1FEF-4E82-9CDC-8CD633774714} = {86B6A8CE-7E7C-45DD-8158-12B050636A68}
		{CC305F8C-CAA8-4A38-B6B5-DBFC55E34F3F} = {EF3EBA78-2BC3-41CC-A510-9B7B175EA85C}
		{D890CC7C-B06A-4AFD-BAAA-EB15E511CB5F} = {86B6A8CE-7E7C-45DD-8158-12B050636A68}
		{59FF2083-9797-4329-A3B9-5A902CC9BAA9} = {EF3EBA78-2BC3-41CC-A510-9B7B175EA85C}
		{120C7647-5960-4C1C-A7DF-8B1D6F437A8C} = {86B6A8CE-7E7C-45DD-8158-12B050636A68}
		{D26AFEF4-2D71-487D-BFBF-5A60A8D0A417} = {EF3EBA78-2BC3-41CC-A510-9B7B175EA85C}
		{C044A47C-AD19-441D-9BCC-66A2B673A77E} = {86B6A8CE-7E7C-45DD-8158-12B050636A68}
		{091976B9-80F3-4B4F-B13A-CAF1DE22C228} = {EF3EBA78-2BC3-41CC-A510-9B7B175EA85C}
		{15C77E83-0C4B-4645-8016-B4DD97250F20} = {86B6A8CE-7E7C-45DD-8158-12B050636A68}
		{2C5FC8CE-0866-4859-988C-6C355F872EFA} = {86B6A8CE-7E7C-45DD-8158-12B050636A68}
	EndGlobalSection
EndGlobal
